
Microsoft Visual Studio Solution File, Format Version 12.00
# Visual Studio Version 17
VisualStudioVersion = 17.14.37411.7 d17.14
MinimumVisualStudioVersion = 10.0.40219.1
Project("{FAE04EC0-301F-11D3-BF4B-00C04F79EFBC}") = "SMT-DELL-Project", "SMT-DELL-Project\SMT-DELL-Project.csproj", "{9905B072-C80F-4490-8227-44FDA27B1866}"
EndProject
Global
	GlobalSection(SolutionConfigurationPlatforms) = preSolution
		Debug|Any CPU = Debug|Any CPU
		Release|Any CPU = Release|Any CPU
	EndGlobalSection
	GlobalSection(ProjectConfigurationPlatforms) = postSolution
		{9905B072-C80F-4490-8227-44FDA27B1866}.Debug|Any CPU.ActiveCfg = Debug|Any CPU
		{9905B072-C80F-4490-8227-44FDA27B1866}.Debug|Any CPU.Build.0 = Debug|Any CPU
		{9905B072-C80F-4490-8227-44FDA27B1866}.Release|Any CPU.ActiveCfg = Release|Any CPU
		{9905B072-C80F-4490-8227-44FDA27B1866}.Release|Any CPU.Build.0 = Release|Any CPU
	EndGlobalSection
	GlobalSection(SolutionProperties) = preSolution
		HideSolutionNode = FALSE
	EndGlobalSection
	GlobalSection(ExtensibilityGlobals) = postSolution
		SolutionGuid = {610FA2E6-9BBB-4A0F-8A59-D96D13B2B36C}
	EndGlobalSection
EndGlobal
